
Microsoft Visual Studio Solution File, Format Version 12.00
Project("{FAE04EC0-301F-11D3-BF4B-00C04F79EFBC}") = "Domain", "src\Domain\Domain.csproj", "{95CC170E-7CEB-4DBB-A0F1-6500D30756BA}"
EndProject
Project("{FAE04EC0-301F-11D3-BF4B-00C04F79EFBC}") = "Application", "src\Application\Application.csproj", "{5A7EF981-E34C-4A39-B165-A7691333F2BD}"
EndProject
Project("{FAE04EC0-301F-11D3-BF4B-00C04F79EFBC}") = "Infrastructure", "src\Infrastructure\Infrastructure.csproj", "{E40A56D8-823E-44B1-B68C-DC47EBE42A86}"
EndProject
Project("{FAE04EC0-301F-11D3-BF4B-00C04F79EFBC}") = "Web", "src\Web\Web.csproj", "{03B45985-CDFA-47A6-BDC4-FF0B09AE8E1D}"
EndProject
Project("{2150E333-8FDC-42A3-9474-1A3956D46DE8}") = "src", "src", "{734BE499-6B6E-4EE5-8C85-B707D4A5D075}"
EndProject
Global
	GlobalSection(SolutionConfigurationPlatforms) = preSolution
		Debug|Any CPU = Debug|Any CPU
		Release|Any CPU = Release|Any CPU
	EndGlobalSection
	GlobalSection(ProjectConfigurationPlatforms) = postSolution
		{95CC170E-7CEB-4DBB-A0F1-6500D30756BA}.Debug|Any CPU.ActiveCfg = Debug|Any CPU
		{95CC170E-7CEB-4DBB-A0F1-6500D30756BA}.Debug|Any CPU.Build.0 = Debug|Any CPU
		{95CC170E-7CEB-4DBB-A0F1-6500D30756BA}.Release|Any CPU.ActiveCfg = Release|Any CPU
		{95CC170E-7CEB-4DBB-A0F1-6500D30756BA}.Release|Any CPU.Build.0 = Release|Any CPU
		{5A7EF981-E34C-4A39-B165-A7691333F2BD}.Debug|Any CPU.ActiveCfg = Debug|Any CPU
		{5A7EF981-E34C-4A39-B165-A7691333F2BD}.Debug|Any CPU.Build.0 = Debug|Any CPU
		{5A7EF981-E34C-4A39-B165-A7691333F2BD}.Release|Any CPU.ActiveCfg = Release|Any CPU
		{5A7EF981-E34C-4A39-B165-A7691333F2BD}.Release|Any CPU.Build.0 = Release|Any CPU
		{E40A56D8-823E-44B1-B68C-DC47EBE42A86}.Debug|Any CPU.ActiveCfg = Debug|Any CPU
		{E40A56D8-823E-44B1-B68C-DC47EBE42A86}.Debug|Any CPU.Build.0 = Debug|Any CPU
		{E40A56D8-823E-44B1-B68C-DC47EBE42A86}.Release|Any CPU.ActiveCfg = Release|Any CPU
		{E40A56D8-823E-44B1-B68C-DC47EBE42A86}.Release|Any CPU.Build.0 = Release|Any CPU
		{03B45985-CDFA-47A6-BDC4-FF0B09AE8E1D}.Debug|Any CPU.ActiveCfg = Debug|Any CPU
		{03B45985-CDFA-47A6-BDC4-FF0B09AE8E1D}.Debug|Any CPU.Build.0 = Debug|Any CPU
		{03B45985-CDFA-47A6-BDC4-FF0B09AE8E1D}.Release|Any CPU.ActiveCfg = Release|Any CPU
		{03B45985-CDFA-47A6-BDC4-FF0B09AE8E1D}.Release|Any CPU.Build.0 = Release|Any CPU
	EndGlobalSection
	GlobalSection(NestedProjects) = preSolution
		{5A7EF981-E34C-4A39-B165-A7691333F2BD} = {734BE499-6B6E-4EE5-8C85-B707D4A5D075}
		{95CC170E-7CEB-4DBB-A0F1-6500D30756BA} = {734BE499-6B6E-4EE5-8C85-B707D4A5D075}
		{E40A56D8-823E-44B1-B68C-DC47EBE42A86} = {734BE499-6B6E-4EE5-8C85-B707D4A5D075}
		{03B45985-CDFA-47A6-BDC4-FF0B09AE8E1D} = {734BE499-6B6E-4EE5-8C85-B707D4A5D075}
	EndGlobalSection
EndGlobal
